<?xml version="1.0" encoding="utf-8"?>
<Project ToolsVersion="4.0" xmlns="http://schemas.microsoft.com/developer/msbuild/2003">
  <ItemGroup>
    <Filter Include="Source Files">
      <UniqueIdentifier>{4FC737F1-C7A5-4376-A066-2A32D752A2FF}</UniqueIdentifier>
      <Extensions>cpp;c;cc;cxx;def;odl;idl;hpj;bat;asm;asmx</Extensions>
    </Filter>
    <Filter Include="Header Files">
      <UniqueIdentifier>{93995380-89BD-4b04-88EB-625FBE52EBFB}</UniqueIdentifier>
      <Extensions>h;hpp;hxx;hm;inl;inc;xsd</Extensions>
    </Filter>
    <Filter Include="Resource Files">
      <UniqueIdentifier>{67DA6AB6-F800-4c08-8B7A-83BB121AAD01}</UniqueIdentifier>
      <Extensions>rc;ico;cur;bmp;dlg;rc2;rct;bin;rgs;gif;jpg;jpeg;jpe;resx;tiff;tif;png;wav</Extensions>
    </Filter>
  </ItemGroup>
  <ItemGroup>
    <ClCompile Include="Time.cc">
      <Filter>Source Files</Filter>
    </ClCompile>
    <ClCompile Include="..\src\CVT.cc">
      <Filter>Source Files</Filter>
    </ClCompile>
    <ClCompile Include="..\src\DeepZoom.cc">
      <Filter>Source Files</Filter>
    </ClCompile>
    <ClCompile Include="..\src\DSOImage.cc">
      <Filter>Source Files</Filter>
    </ClCompile>
    <ClCompile Include="..\src\FIF.cc">
      <Filter>Source Files</Filter>
    </ClCompile>
    <ClCompile Include="..\src\ICC.cc">
      <Filter>Source Files</Filter>
    </ClCompile>
    <ClCompile Include="..\src\IIPImage.cc">
      <Filter>Source Files</Filter>
    </ClCompile>
    <ClCompile Include="..\src\IIPResponse.cc">
      <Filter>Source Files</Filter>
    </ClCompile>
    <ClCompile Include="..\src\JPEGCompressor.cc">
      <Filter>Source Files</Filter>
    </ClCompile>
    <ClCompile Include="..\src\JTL.cc">
      <Filter>Source Files</Filter>
    </ClCompile>
    <ClCompile Include="..\src\Main.cc">
      <Filter>Source Files</Filter>
    </ClCompile>
    <ClCompile Include="..\src\OBJ.cc">
      <Filter>Source Files</Filter>
    </ClCompile>
    <ClCompile Include="..\src\SPECTRA.cc">
      <Filter>Source Files</Filter>
    </ClCompile>
    <ClCompile Include="..\src\Task.cc">
      <Filter>Source Files</Filter>
    </ClCompile>
    <ClCompile Include="..\src\TIL.cc">
      <Filter>Source Files</Filter>
    </ClCompile>
    <ClCompile Include="..\src\TileManager.cc">
      <Filter>Source Files</Filter>
    </ClCompile>
    <ClCompile Include="..\src\TPTImage.cc">
      <Filter>Source Files</Filter>
    </ClCompile>
    <ClCompile Include="..\src\View.cc">
      <Filter>Source Files</Filter>
    </ClCompile>
    <ClCompile Include="..\src\Watermark.cc">
      <Filter>Source Files</Filter>
    </ClCompile>
    <ClCompile Include="..\src\Zoomify.cc">
      <Filter>Source Files</Filter>
    </ClCompile>
    <ClCompile Include="..\src\Transforms.cc">
      <Filter>Source Files</Filter>
    </ClCompile>
    <ClCompile Include="..\src\KakaduImage.cc">
      <Filter>Source Files</Filter>
    </ClCompile>
    <ClCompile Include="dependencies\includes\kdu_stripe_compressor.cpp">
      <Filter>Source Files</Filter>
    </ClCompile>
    <ClCompile Include="dependencies\includes\kdu_stripe_decompressor.cpp">
      <Filter>Source Files</Filter>
    </ClCompile>
    <ClCompile Include="dependencies\includes\jp2.cpp">
      <Filter>Source Files</Filter>
    </ClCompile>
    <ClCompile Include="dependencies\includes\jpx.cpp">
      <Filter>Source Files</Filter>
    </ClCompile>
  </ItemGroup>
  <ItemGroup>
    <ClInclude Include="Time.h">
      <Filter>Header Files</Filter>
    </ClInclude>
    <ClInclude Include="..\src\Cache.h">
      <Filter>Header Files</Filter>
    </ClInclude>
    <ClInclude Include="..\src\DSOImage.h">
      <Filter>Header Files</Filter>
    </ClInclude>
    <ClInclude Include="..\src\Environment.h">
      <Filter>Header Files</Filter>
    </ClInclude>
    <ClInclude Include="..\src\IIPImage.h">
      <Filter>Header Files</Filter>
    </ClInclude>
    <ClInclude Include="..\src\IIPResponse.h">
      <Filter>Header Files</Filter>
    </ClInclude>
    <ClInclude Include="..\src\JPEGCompressor.h">
      <Filter>Header Files</Filter>
    </ClInclude>
    <ClInclude Include="..\src\Memcached.h">
      <Filter>Header Files</Filter>
    </ClInclude>
    <ClInclude Include="..\src\RawTile.h">
      <Filter>Header Files</Filter>
    </ClInclude>
    <ClInclude Include="..\src\Task.h">
      <Filter>Header Files</Filter>
    </ClInclude>
    <ClInclude Include="..\src\TileManager.h">
      <Filter>Header Files</Filter>
    </ClInclude>
    <ClInclude Include="..\src\Timer.h">
      <Filter>Header Files</Filter>
    </ClInclude>
    <ClInclude Include="..\src\Tokenizer.h">
      <Filter>Header Files</Filter>
    </ClInclude>
    <ClInclude Include="..\src\TPTImage.h">
      <Filter>Header Files</Filter>
    </ClInclude>
    <ClInclude Include="..\src\View.h">
      <Filter>Header Files</Filter>
    </ClInclude>
    <ClInclude Include="..\src\Watermark.h">
      <Filter>Header Files</Filter>
    </ClInclude>
    <ClInclude Include="..\src\Writer.h">
      <Filter>Header Files</Filter>
    </ClInclude>
    <ClInclude Include="..\src\Transforms.h">
      <Filter>Header Files</Filter>
    </ClInclude>
    <ClInclude Include="..\src\KakaduImage.h">
      <Filter>Header Files</Filter>
    </ClInclude>
    <ClInclude Include="MemcachedWindows.h">
      <Filter>Header Files</Filter>
    </ClInclude>
  </ItemGroup>
</Project>